
Microsoft Visual Studio Solution File, Format Version 12.00
# Visual Studio Version 17
VisualStudioVersion = 17.9.34728.123
MinimumVisualStudioVersion = 10.0.40219.1
Project("{FAE04EC0-301F-11D3-BF4B-00C04F79EFBC}") = "SistemaNotas", "SistemaNotas\SistemaNotas.csproj", "{B97A6564-4B31-44B6-B094-C482FAE6F8EE}"
EndProject
Global
	GlobalSection(SolutionConfigurationPlatforms) = preSolution
		Debug|Any CPU = Debug|Any CPU
		Release|Any CPU = Release|Any CPU
	EndGlobalSection
	GlobalSection(ProjectConfigurationPlatforms) = postSolution
		{B97A6564-4B31-44B6-B094-C482FAE6F8EE}.Debug|Any CPU.ActiveCfg = Debug|Any CPU
		{B97A6564-4B31-44B6-B094-C482FAE6F8EE}.Debug|Any CPU.Build.0 = Debug|Any CPU
		{B97A6564-4B31-44B6-B094-C482FAE6F8EE}.Release|Any CPU.ActiveCfg = Release|Any CPU
		{B97A6564-4B31-44B6-B094-C482FAE6F8EE}.Release|Any CPU.Build.0 = Release|Any CPU
	EndGlobalSection
	GlobalSection(SolutionProperties) = preSolution
		HideSolutionNode = FALSE
	EndGlobalSection
	GlobalSection(ExtensibilityGlobals) = postSolution
		SolutionGuid = {1B50507A-5040-41B1-A97C-267B8E698AF4}
	EndGlobalSection
EndGlobal
